
Microsoft Visual Studio Solution File, Format Version 12.00
# Visual Studio Version 16
VisualStudioVersion = 16.0.31702.278
MinimumVisualStudioVersion = 10.0.40219.1
Project("{FAE04EC0-301F-11D3-BF4B-00C04F79EFBC}") = "Pasc_Daria_Lab2", "Pasc_Daria_Lab2.csproj", "{F3869FB7-AD47-4CDF-8CE7-FAD4CD89B490}"
EndProject
Global
	GlobalSection(SolutionConfigurationPlatforms) = preSolution
		Debug|Any CPU = Debug|Any CPU
		Release|Any CPU = Release|Any CPU
	EndGlobalSection
	GlobalSection(ProjectConfigurationPlatforms) = postSolution
		{F3869FB7-AD47-4CDF-8CE7-FAD4CD89B490}.Debug|Any CPU.ActiveCfg = Debug|Any CPU
		{F3869FB7-AD47-4CDF-8CE7-FAD4CD89B490}.Debug|Any CPU.Build.0 = Debug|Any CPU
		{F3869FB7-AD47-4CDF-8CE7-FAD4CD89B490}.Release|Any CPU.ActiveCfg = Release|Any CPU
		{F3869FB7-AD47-4CDF-8CE7-FAD4CD89B490}.Release|Any CPU.Build.0 = Release|Any CPU
	EndGlobalSection
	GlobalSection(SolutionProperties) = preSolution
		HideSolutionNode = FALSE
	EndGlobalSection
	GlobalSection(ExtensibilityGlobals) = postSolution
		SolutionGuid = {A8D7A317-A20D-4FC0-A545-EE2068CFD3EE}
	EndGlobalSection
EndGlobal
